# THIS IS AN AUTOGENERATED FILE. DO NOT EDIT THIS FILE DIRECTLY.
# yarn lockfile v1


"@types/node@*", "@types/node@^17.0.36":
  "integrity" "sha512-V3orv+ggDsWVHP99K3JlwtH20R7J4IhI1Kksgc+64q5VxgfRkQG8Ws3MFm/FZOKDYGy9feGFlZ70/HpCNe9QaA=="
  "resolved" "https://registry.npmjs.org/@types/node/-/node-17.0.36.tgz"
  "version" "17.0.36"

"@types/sqlite3@^3.1.6", "@types/sqlite3@^3.1.8":
  "integrity" "sha512-sQMt/qnyUWnqiTcJXm5ZfNPIBeJ/DVvJDwxw+0tAxPJvadzfiP1QhryO1JOR6t1yfb8NpzQb/Rud06mob5laIA=="
  "resolved" "https://registry.npmjs.org/@types/sqlite3/-/sqlite3-3.1.8.tgz"
  "version" "3.1.8"
  dependencies:
    "@types/node" "*"

"abbrev@1":
  "integrity" "sha512-nne9/IiQ/hzIhY6pdDnbBtz7DjPTKrY00P/zvPSm5pOFkl6xuGrGnXn/VtTNNfNtAfZ9/1RtehkszU9qcTii0Q=="
  "resolved" "https://registry.npmjs.org/abbrev/-/abbrev-1.1.1.tgz"
  "version" "1.1.1"

"ansi-regex@^2.0.0":
  "integrity" "sha512-TIGnTpdo+E3+pCyAluZvtED5p5wCqLdezCyhPZzKPcxvFplEt4i+W7OONCKgeZFT3+y5NZZfOOS/Bdcanm1MYA=="
  "resolved" "https://registry.npmjs.org/ansi-regex/-/ansi-regex-2.1.1.tgz"
  "version" "2.1.1"

"ansi-regex@^5.0.1":
  "integrity" "sha512-quJQXlTSUGL2LH9SUXo8VwsY4soanhgo6LNSm84E1LBcE8s3O0wpdiRzyR9z/ZZJMlMWv37qOOb9pdJlMUEKFQ=="
  "resolved" "https://registry.npmjs.org/ansi-regex/-/ansi-regex-5.0.1.tgz"
  "version" "5.0.1"

"aproba@^1.0.3":
  "integrity" "sha512-Y9J6ZjXtoYh8RnXVCMOU/ttDmk1aBjunq9vO0ta5x85WDQiQfUF9sIPBITdbiiIVcBo03Hi3jMxigBtsddlXRw=="
  "resolved" "https://registry.npmjs.org/aproba/-/aproba-1.2.0.tgz"
  "version" "1.2.0"

"are-we-there-yet@~1.1.2":
  "integrity" "sha512-nxwy40TuMiUGqMyRHgCSWZ9FM4VAoRP4xUYSTv5ImRog+h9yISPbVH7H8fASCIzYn9wlEv4zvFL7uKDMCFQm3g=="
  "resolved" "https://registry.npmjs.org/are-we-there-yet/-/are-we-there-yet-1.1.7.tgz"
  "version" "1.1.7"
  dependencies:
    "delegates" "^1.0.0"
    "readable-stream" "^2.0.6"

"arg@^5.0.1":
  "integrity" "sha512-e0hDa9H2Z9AwFkk2qDlwhoMYE4eToKarchkQHovNdLTCYMHZHeRjI71crOh+dio4K6u1IcwubQqo79Ga4CyAQA=="
  "resolved" "https://registry.npmjs.org/arg/-/arg-5.0.1.tgz"
  "version" "5.0.1"

"balanced-match@^1.0.0":
  "integrity" "sha512-3oSeUO0TMV67hN1AmbXsK4yaqU7tjiHlbxRDZOpH0KW9+CeX4bRAaX0Anxt0tx2MrpRpWwQaPwIlISEJhYU5Pw=="
  "resolved" "https://registry.npmjs.org/balanced-match/-/balanced-match-1.0.2.tgz"
  "version" "1.0.2"

"boolbase@^1.0.0":
  "integrity" "sha512-JZOSA7Mo9sNGB8+UjSgzdLtokWAky1zbztM3WRLCbZ70/3cTANmQmOdR7y2g+J0e2WXywy1yS468tY+IruqEww=="
  "resolved" "https://registry.npmjs.org/boolbase/-/boolbase-1.0.0.tgz"
  "version" "1.0.0"

"brace-expansion@^1.1.7":
  "integrity" "sha512-iCuPHDFgrHX7H2vEI/5xpz07zSHB00TpugqhmYtVmMO6518mCuRMoOYFldEBl0g187ufozdaHgWKcYFb61qGiA=="
  "resolved" "https://registry.npmjs.org/brace-expansion/-/brace-expansion-1.1.11.tgz"
  "version" "1.1.11"
  dependencies:
    "balanced-match" "^1.0.0"
    "concat-map" "0.0.1"

"buffer-from@^1.0.0":
  "integrity" "sha512-E+XQCRwSbaaiChtv6k6Dwgc+bx+Bs6vuKJHHl5kox/BaKbhiXzqQOwK4cO22yElGp2OCmjwVhT3HmxgyPGnJfQ=="
  "resolved" "https://registry.npmjs.org/buffer-from/-/buffer-from-1.1.2.tgz"
  "version" "1.1.2"

"chownr@^1.1.4":
  "integrity" "sha512-jJ0bqzaylmJtVnNgzTeSOs8DPavpbYgEr/b0YL8/2GO3xJEhInFmhKMUnEJQjZumK7KXGFhUy89PrsJWlakBVg=="
  "resolved" "https://registry.npmjs.org/chownr/-/chownr-1.1.4.tgz"
  "version" "1.1.4"

"code-point-at@^1.0.0":
  "integrity" "sha512-RpAVKQA5T63xEj6/giIbUEtZwJ4UFIc3ZtvEkiaUERylqe8xb5IvqcgOurZLahv93CLKfxcw5YI+DZcUBRyLXA=="
  "resolved" "https://registry.npmjs.org/code-point-at/-/code-point-at-1.1.0.tgz"
  "version" "1.1.0"

"concat-map@0.0.1":
  "integrity" "sha512-/Srv4dswyQNBfohGpz9o6Yb3Gz3SrUDqBH5rTuhGR7ahtlbYKnVxw2bCFMRljaA7EXHaXZ8wsHdodFvbkhKmqg=="
  "resolved" "https://registry.npmjs.org/concat-map/-/concat-map-0.0.1.tgz"
  "version" "0.0.1"

"console-control-strings@^1.0.0", "console-control-strings@~1.1.0":
  "integrity" "sha512-ty/fTekppD2fIwRvnZAVdeOiGd1c7YXEixbgJTNzqcxJWKQnjJ/V1bNEEE6hygpM3WjwHFUVK6HTjWSzV4a8sQ=="
  "resolved" "https://registry.npmjs.org/console-control-strings/-/console-control-strings-1.1.0.tgz"
  "version" "1.1.0"

"core-util-is@~1.0.0":
  "integrity" "sha512-ZQBvi1DcpJ4GDqanjucZ2Hj3wEO5pZDS89BWbkcrvdxksJorwUDDZamX9ldFkp9aw2lmBDLgkObEA4DWNJ9FYQ=="
  "resolved" "https://registry.npmjs.org/core-util-is/-/core-util-is-1.0.3.tgz"
  "version" "1.0.3"

"css-select@^4.1.3":
  "integrity" "sha512-wPpOYtnsVontu2mODhA19JrqWxNsfdatRKd64kmpRbQgh1KtItko5sTnEpPdpSaJszTOhEMlF/RPz28qj4HqhQ=="
  "resolved" "https://registry.npmjs.org/css-select/-/css-select-4.3.0.tgz"
  "version" "4.3.0"
  dependencies:
    "boolbase" "^1.0.0"
    "css-what" "^6.0.1"
    "domhandler" "^4.3.1"
    "domutils" "^2.8.0"
    "nth-check" "^2.0.1"

"css-what@^6.0.1":
  "integrity" "sha512-HTUrgRJ7r4dsZKU6GjmpfRK1O76h97Z8MfS1G0FozR+oF2kG6Vfe8JE6zwrkbxigziPHinCJ+gCPjA9EaBDtRw=="
  "resolved" "https://registry.npmjs.org/css-what/-/css-what-6.1.0.tgz"
  "version" "6.1.0"

"debug@^3.2.6":
  "integrity" "sha512-CFjzYYAi4ThfiQvizrFQevTTXHtnCqWfe7x1AhgEscTz6ZbLbfoLRLPugTQyBth6f8ZERVUSyWHFD/7Wu4t1XQ=="
  "resolved" "https://registry.npmjs.org/debug/-/debug-3.2.7.tgz"
  "version" "3.2.7"
  dependencies:
    "ms" "^2.1.1"

"deep-extend@^0.6.0":
  "integrity" "sha512-LOHxIOaPYdHlJRtCQfDIVZtfw/ufM8+rVj649RIHzcm/vGwQRXFt6OPqIFWsm2XEMrNIEtWR64sY1LEKD2vAOA=="
  "resolved" "https://registry.npmjs.org/deep-extend/-/deep-extend-0.6.0.tgz"
  "version" "0.6.0"

"delegates@^1.0.0":
  "integrity" "sha512-bd2L678uiWATM6m5Z1VzNCErI3jiGzt6HGY8OVICs40JQq/HALfbyNJmp0UDakEY4pMMaN0Ly5om/B1VI/+xfQ=="
  "resolved" "https://registry.npmjs.org/delegates/-/delegates-1.0.0.tgz"
  "version" "1.0.0"

"detect-libc@^1.0.2":
  "integrity" "sha512-pGjwhsmsp4kL2RTz08wcOlGN83otlqHeD/Z5T8GXZB+/YcpQ/dgo+lbU8ZsGxV0HIvqqxo9l7mqYwyYMD9bKDg=="
  "resolved" "https://registry.npmjs.org/detect-libc/-/detect-libc-1.0.3.tgz"
  "version" "1.0.3"

"dom-converter@^0.2.0":
  "integrity" "sha512-gd3ypIPfOMr9h5jIKq8E3sHOTCjeirnl0WK5ZdS1AW0Odt0b1PaWaHdJ4Qk4klv+YB9aJBS7mESXjFoDQPu6DA=="
  "resolved" "https://registry.npmjs.org/dom-converter/-/dom-converter-0.2.0.tgz"
  "version" "0.2.0"
  dependencies:
    "utila" "~0.4"

"dom-serializer@^1.0.1":
  "integrity" "sha512-VHwB3KfrcOOkelEG2ZOfxqLZdfkil8PtJi4P8N2MMXucZq2yLp75ClViUlOVwyoHEDjYU433Aq+5zWP61+RGag=="
  "resolved" "https://registry.npmjs.org/dom-serializer/-/dom-serializer-1.4.1.tgz"
  "version" "1.4.1"
  dependencies:
    "domelementtype" "^2.0.1"
    "domhandler" "^4.2.0"
    "entities" "^2.0.0"

"domelementtype@^2.0.1", "domelementtype@^2.2.0":
  "integrity" "sha512-OLETBj6w0OsagBwdXnPdN0cnMfF9opN69co+7ZrbfPGrdpPVNBUj02spi6B1N7wChLQiPn4CSH/zJvXw56gmHw=="
  "resolved" "https://registry.npmjs.org/domelementtype/-/domelementtype-2.3.0.tgz"
  "version" "2.3.0"

"domhandler@^4.0.0", "domhandler@^4.2.0", "domhandler@^4.3.1":
  "integrity" "sha512-GrwoxYN+uWlzO8uhUXRl0P+kHE4GtVPfYzVLcUxPL7KNdHKj66vvlhiweIHqYYXWlw+T8iLMp42Lm67ghw4WMQ=="
  "resolved" "https://registry.npmjs.org/domhandler/-/domhandler-4.3.1.tgz"
  "version" "4.3.1"
  dependencies:
    "domelementtype" "^2.2.0"

"domutils@^2.5.2", "domutils@^2.8.0":
  "integrity" "sha512-w96Cjofp72M5IIhpjgobBimYEfoPjx1Vx0BSX9P30WBdZW2WIKU0T1Bd0kz2eNZ9ikjKgHbEyKx8BB6H1L3h3A=="
  "resolved" "https://registry.npmjs.org/domutils/-/domutils-2.8.0.tgz"
  "version" "2.8.0"
  dependencies:
    "dom-serializer" "^1.0.1"
    "domelementtype" "^2.2.0"
    "domhandler" "^4.2.0"

"entities@^2.0.0":
  "integrity" "sha512-p92if5Nz619I0w+akJrLZH0MX0Pb5DX39XOwQTtXSdQQOaYH03S1uIQp4mhOZtAXrxq4ViO67YTiLBo2638o9A=="
  "resolved" "https://registry.npmjs.org/entities/-/entities-2.2.0.tgz"
  "version" "2.2.0"

"fs-minipass@^1.2.7":
  "integrity" "sha512-GWSSJGFy4e9GUeCcbIkED+bgAoFyj7XF1mV8rma3QW4NIqX9Kyx79N/PF61H5udOV3aY1IaMLs6pGbH71nlCTA=="
  "resolved" "https://registry.npmjs.org/fs-minipass/-/fs-minipass-1.2.7.tgz"
  "version" "1.2.7"
  dependencies:
    "minipass" "^2.6.0"

"fs.realpath@^1.0.0":
  "integrity" "sha512-OO0pH2lK6a0hZnAdau5ItzHPI6pUlvI7jMVnxUQRtw4owF2wk8lOSabtGDCTP4Ggrg2MbGnWO9X8K1t4+fGMDw=="
  "resolved" "https://registry.npmjs.org/fs.realpath/-/fs.realpath-1.0.0.tgz"
  "version" "1.0.0"

"gauge@~2.7.3":
  "integrity" "sha512-14x4kjc6lkD3ltw589k0NrPD6cCNTD6CWoVUNpB85+DrtONoZn+Rug6xZU5RvSC4+TZPxA5AnBibQYAvZn41Hg=="
  "resolved" "https://registry.npmjs.org/gauge/-/gauge-2.7.4.tgz"
  "version" "2.7.4"
  dependencies:
    "aproba" "^1.0.3"
    "console-control-strings" "^1.0.0"
    "has-unicode" "^2.0.0"
    "object-assign" "^4.1.0"
    "signal-exit" "^3.0.0"
    "string-width" "^1.0.1"
    "strip-ansi" "^3.0.1"
    "wide-align" "^1.1.0"

"glob@^7.1.3":
  "integrity" "sha512-nFR0zLpU2YCaRxwoCJvL6UvCH2JFyFVIvwTLsIf21AuHlMskA1hhTdk+LlYJtOlYt9v6dvszD2BGRqBL+iQK9Q=="
  "resolved" "https://registry.npmjs.org/glob/-/glob-7.2.3.tgz"
  "version" "7.2.3"
  dependencies:
    "fs.realpath" "^1.0.0"
    "inflight" "^1.0.4"
    "inherits" "2"
    "minimatch" "^3.1.1"
    "once" "^1.3.0"
    "path-is-absolute" "^1.0.0"

"has-unicode@^2.0.0":
  "integrity" "sha512-8Rf9Y83NBReMnx0gFzA8JImQACstCYWUplepDa9xprwwtmgEZUF0h/i5xSA625zB/I37EtrswSST6OXxwaaIJQ=="
  "resolved" "https://registry.npmjs.org/has-unicode/-/has-unicode-2.0.1.tgz"
  "version" "2.0.1"

"htmlparser2@^6.1.0":
  "integrity" "sha512-gyyPk6rgonLFEDGoeRgQNaEUvdJ4ktTmmUh/h2t7s+M8oPpIPxgNACWa+6ESR57kXstwqPiCut0V8NRpcwgU7A=="
  "resolved" "https://registry.npmjs.org/htmlparser2/-/htmlparser2-6.1.0.tgz"
  "version" "6.1.0"
  dependencies:
    "domelementtype" "^2.0.1"
    "domhandler" "^4.0.0"
    "domutils" "^2.5.2"
    "entities" "^2.0.0"

"iconv-lite@^0.4.4":
  "integrity" "sha512-v3MXnZAcvnywkTUEZomIActle7RXXeedOR31wwl7VlyoXO4Qi9arvSenNQWne1TcRwhCL1HwLI21bEqdpj8/rA=="
  "resolved" "https://registry.npmjs.org/iconv-lite/-/iconv-lite-0.4.24.tgz"
  "version" "0.4.24"
  dependencies:
    "safer-buffer" ">= 2.1.2 < 3"

"ignore-walk@^3.0.1":
  "integrity" "sha512-PY6Ii8o1jMRA1z4F2hRkH/xN59ox43DavKvD3oDpfurRlOJyAHpifIwpbdv1n4jt4ov0jSpw3kQ4GhJnpBL6WQ=="
  "resolved" "https://registry.npmjs.org/ignore-walk/-/ignore-walk-3.0.4.tgz"
  "version" "3.0.4"
  dependencies:
    "minimatch" "^3.0.4"

"inflight@^1.0.4":
  "integrity" "sha512-k92I/b08q4wvFscXCLvqfsHCrjrF7yiXsQuIVvVE7N82W3+aqpzuUdBbfhWcy/FZR3/4IgflMgKLOsvPDrGCJA=="
  "resolved" "https://registry.npmjs.org/inflight/-/inflight-1.0.6.tgz"
  "version" "1.0.6"
  dependencies:
    "once" "^1.3.0"
    "wrappy" "1"

"inherits@~2.0.3", "inherits@2":
  "integrity" "sha512-k/vGaX4/Yla3WzyMCvTQOXYeIHvqOKtnqBduzTHpzpQZzAskKMhZ2K+EnBiSM9zGSoIFeMpXKxa4dYeZIQqewQ=="
  "resolved" "https://registry.npmjs.org/inherits/-/inherits-2.0.4.tgz"
  "version" "2.0.4"

"ini@~1.3.0":
  "integrity" "sha512-JV/yugV2uzW5iMRSiZAyDtQd+nxtUnjeLt0acNdw98kKLrvuRVyB80tsREOE7yvGVgalhZ6RNXCmEHkUKBKxew=="
  "resolved" "https://registry.npmjs.org/ini/-/ini-1.3.8.tgz"
  "version" "1.3.8"

"is-fullwidth-code-point@^1.0.0":
  "integrity" "sha512-1pqUqRjkhPJ9miNq9SwMfdvi6lBJcd6eFxvfaivQhaH3SgisfiuudvFntdKOmxuee/77l+FPjKrQjWvmPjWrRw=="
  "resolved" "https://registry.npmjs.org/is-fullwidth-code-point/-/is-fullwidth-code-point-1.0.0.tgz"
  "version" "1.0.0"
  dependencies:
    "number-is-nan" "^1.0.0"

"isarray@~1.0.0":
  "integrity" "sha512-VLghIWNM6ELQzo7zwmcg0NmTVyWKYjvIeM83yjp0wRDTmUnrM678fQbcKBo6n2CJEF0szoG//ytg+TKla89ALQ=="
  "resolved" "https://registry.npmjs.org/isarray/-/isarray-1.0.0.tgz"
  "version" "1.0.0"

"lodash@^4.17.20", "lodash@^4.17.21":
  "integrity" "sha512-v2kDEe57lecTulaDIuNTPy3Ry4gLGJ6Z1O3vE1krgXZNrsQ+LFTGHVxVjcXPs17LhbZVGedAJv8XZ1tvj5FvSg=="
  "resolved" "https://registry.npmjs.org/lodash/-/lodash-4.17.21.tgz"
  "version" "4.17.21"

"minimatch@^3.0.4", "minimatch@^3.1.1":
  "integrity" "sha512-J7p63hRiAjw1NDEww1W7i37+ByIrOWO5XQQAzZ3VOcL0PNybwpfmV/N05zFAzwQ9USyEcX6t3UO+K5aqBQOIHw=="
  "resolved" "https://registry.npmjs.org/minimatch/-/minimatch-3.1.2.tgz"
  "version" "3.1.2"
  dependencies:
    "brace-expansion" "^1.1.7"

"minimist@^1.2.0", "minimist@^1.2.6":
  "integrity" "sha512-Jsjnk4bw3YJqYzbdyBiNsPWHPfO++UGG749Cxs6peCu5Xg4nrena6OVxOYxrQTqww0Jmwt+Ref8rggumkTLz9Q=="
  "resolved" "https://registry.npmjs.org/minimist/-/minimist-1.2.6.tgz"
  "version" "1.2.6"

"minipass@^2.6.0", "minipass@^2.9.0":
  "integrity" "sha512-wxfUjg9WebH+CUDX/CdbRlh5SmfZiy/hpkxaRI16Y9W56Pa75sWgd/rvFilSgrauD9NyFymP/+JFV3KwzIsJeg=="
  "resolved" "https://registry.npmjs.org/minipass/-/minipass-2.9.0.tgz"
  "version" "2.9.0"
  dependencies:
    "safe-buffer" "^5.1.2"
    "yallist" "^3.0.0"

"minizlib@^1.3.3":
  "integrity" "sha512-6ZYMOEnmVsdCeTJVE0W9ZD+pVnE8h9Hma/iOwwRDsdQoePpoX56/8B6z3P9VNwppJuBKNRuFDRNRqRWexT9G9Q=="
  "resolved" "https://registry.npmjs.org/minizlib/-/minizlib-1.3.3.tgz"
  "version" "1.3.3"
  dependencies:
    "minipass" "^2.9.0"

"mkdirp@^0.5.1", "mkdirp@^0.5.5":
  "integrity" "sha512-FP+p8RB8OWpF3YZBCrP5gtADmtXApB5AMLn+vdyA+PyxCjrCs00mjyUozssO33cwDeT3wNGdLxJ5M//YqtHAJw=="
  "resolved" "https://registry.npmjs.org/mkdirp/-/mkdirp-0.5.6.tgz"
  "version" "0.5.6"
  dependencies:
    "minimist" "^1.2.6"

"ms@^2.1.1":
  "integrity" "sha512-sGkPx+VjMtmA6MX27oA4FBFELFCZZ4S4XqeGOXCv68tT+jb3vk/RyaKWP0PTKyWtmLSM0b+adUTEvbs1PEaH2w=="
  "resolved" "https://registry.npmjs.org/ms/-/ms-2.1.2.tgz"
  "version" "2.1.2"

"nan@^2.12.1":
  "integrity" "sha512-UdAqHyFngu7TfQKsCBgAA6pWDkT8MAO7d0jyOecVhN5354xbLqdn8mV9Tat9gepAupm0bt2DbeaSC8vS52MuFA=="
  "resolved" "https://registry.npmjs.org/nan/-/nan-2.16.0.tgz"
  "version" "2.16.0"

"needle@^2.2.1":
  "integrity" "sha512-6R9fqJ5Zcmf+uYaFgdIHmLwNldn5HbK8L5ybn7Uz+ylX/rnOsSp1AHcvQSrCaFN+qNM1wpymHqD7mVasEOlHGQ=="
  "resolved" "https://registry.npmjs.org/needle/-/needle-2.9.1.tgz"
  "version" "2.9.1"
  dependencies:
    "debug" "^3.2.6"
    "iconv-lite" "^0.4.4"
    "sax" "^1.2.4"

"node-pre-gyp@^0.11.0":
  "integrity" "sha512-TwWAOZb0j7e9eGaf9esRx3ZcLaE5tQ2lvYy1pb5IAaG1a2e2Kv5Lms1Y4hpj+ciXJRofIxxlt5haeQ/2ANeE0Q=="
  "resolved" "https://registry.npmjs.org/node-pre-gyp/-/node-pre-gyp-0.11.0.tgz"
  "version" "0.11.0"
  dependencies:
    "detect-libc" "^1.0.2"
    "mkdirp" "^0.5.1"
    "needle" "^2.2.1"
    "nopt" "^4.0.1"
    "npm-packlist" "^1.1.6"
    "npmlog" "^4.0.2"
    "rc" "^1.2.7"
    "rimraf" "^2.6.1"
    "semver" "^5.3.0"
    "tar" "^4"

"nopt@^4.0.1":
  "integrity" "sha512-CvaGwVMztSMJLOeXPrez7fyfObdZqNUK1cPAEzLHrTybIua9pMdmmPR5YwtfNftIOMv3DPUhFaxsZMNTQO20Kg=="
  "resolved" "https://registry.npmjs.org/nopt/-/nopt-4.0.3.tgz"
  "version" "4.0.3"
  dependencies:
    "abbrev" "1"
    "osenv" "^0.1.4"

"npm-bundled@^1.0.1":
  "integrity" "sha512-x5DHup0SuyQcmL3s7Rx/YQ8sbw/Hzg0rj48eN0dV7hf5cmQq5PXIeioroH3raV1QC1yh3uTYuMThvEQF3iKgGQ=="
  "resolved" "https://registry.npmjs.org/npm-bundled/-/npm-bundled-1.1.2.tgz"
  "version" "1.1.2"
  dependencies:
    "npm-normalize-package-bin" "^1.0.1"

"npm-normalize-package-bin@^1.0.1":
  "integrity" "sha512-EPfafl6JL5/rU+ot6P3gRSCpPDW5VmIzX959Ob1+ySFUuuYHWHekXpwdUZcKP5C+DS4GEtdJluwBjnsNDl+fSA=="
  "resolved" "https://registry.npmjs.org/npm-normalize-package-bin/-/npm-normalize-package-bin-1.0.1.tgz"
  "version" "1.0.1"

"npm-packlist@^1.1.6":
  "integrity" "sha512-5+AZgwru5IevF5ZdnFglB5wNlHG1AOOuw28WhUq8/8emhBmLv6jX5by4WJCh7lW0uSYZYS6DXqIsyZVIXRZU9A=="
  "resolved" "https://registry.npmjs.org/npm-packlist/-/npm-packlist-1.4.8.tgz"
  "version" "1.4.8"
  dependencies:
    "ignore-walk" "^3.0.1"
    "npm-bundled" "^1.0.1"
    "npm-normalize-package-bin" "^1.0.1"

"npmlog@^4.0.2":
  "integrity" "sha512-2uUqazuKlTaSI/dC8AzicUck7+IrEaOnN/e0jd3Xtt1KcGpwx30v50mL7oPyr/h9bL3E4aZccVwpwP+5W9Vjkg=="
  "resolved" "https://registry.npmjs.org/npmlog/-/npmlog-4.1.2.tgz"
  "version" "4.1.2"
  dependencies:
    "are-we-there-yet" "~1.1.2"
    "console-control-strings" "~1.1.0"
    "gauge" "~2.7.3"
    "set-blocking" "~2.0.0"

"nth-check@^2.0.1":
  "integrity" "sha512-lqjrjmaOoAnWfMmBPL+XNnynZh2+swxiX3WUE0s4yEHI6m+AwrK2UZOimIRl3X/4QctVqS8AiZjFqyOGrMXb/w=="
  "resolved" "https://registry.npmjs.org/nth-check/-/nth-check-2.1.1.tgz"
  "version" "2.1.1"
  dependencies:
    "boolbase" "^1.0.0"

"number-is-nan@^1.0.0":
  "integrity" "sha1-CXtgK1NCKlIsGvuHkDGDNpQaAR0="
  "resolved" "https://registry.npmjs.org/number-is-nan/-/number-is-nan-1.0.1.tgz"
  "version" "1.0.1"

"object-assign@^4.1.0":
  "integrity" "sha1-IQmtx5ZYh8/AXLvUQsrIv7s2CGM="
  "resolved" "https://registry.npmjs.org/object-assign/-/object-assign-4.1.1.tgz"
  "version" "4.1.1"

"once@^1.3.0":
  "integrity" "sha1-WDsap3WWHUsROsF9nFC6753Xa9E="
  "resolved" "https://registry.npmjs.org/once/-/once-1.4.0.tgz"
  "version" "1.4.0"
  dependencies:
    "wrappy" "1"

"os-homedir@^1.0.0":
  "integrity" "sha1-/7xJiDNuDoM94MFox+8VISGqf7M="
  "resolved" "https://registry.npmjs.org/os-homedir/-/os-homedir-1.0.2.tgz"
  "version" "1.0.2"

"os-tmpdir@^1.0.0":
  "integrity" "sha1-u+Z0BseaqFxc/sdm/lc0VV36EnQ="
  "resolved" "https://registry.npmjs.org/os-tmpdir/-/os-tmpdir-1.0.2.tgz"
  "version" "1.0.2"

"osenv@^0.1.4":
  "integrity" "sha512-0CWcCECdMVc2Rw3U5w9ZjqX6ga6ubk1xDVKxtBQPK7wis/0F2r9T6k4ydGYhecl7YUBxBVxhL5oisPsNxAPe2g=="
  "resolved" "https://registry.npmjs.org/osenv/-/osenv-0.1.5.tgz"
  "version" "0.1.5"
  dependencies:
    "os-homedir" "^1.0.0"
    "os-tmpdir" "^1.0.0"

"path-is-absolute@^1.0.0":
  "integrity" "sha1-F0uSaHNVNP+8es5r9TpanhtcX18="
  "resolved" "https://registry.npmjs.org/path-is-absolute/-/path-is-absolute-1.0.1.tgz"
  "version" "1.0.1"

"pretty-error@^4.0.0":
  "integrity" "sha512-AoJ5YMAcXKYxKhuJGdcvse+Voc6v1RgnsR3nWcYU7q4t6z0Q6T86sv5Zq8VIRbOWWFpvdGE83LtdSMNd+6Y0xw=="
  "resolved" "https://registry.npmjs.org/pretty-error/-/pretty-error-4.0.0.tgz"
  "version" "4.0.0"
  dependencies:
    "lodash" "^4.17.20"
    "renderkid" "^3.0.0"

"process-nextick-args@~2.0.0":
  "integrity" "sha512-3ouUOpQhtgrbOa17J7+uxOTpITYWaGP7/AhoR3+A+/1e9skrzelGi/dXzEYyvbxubEF6Wn2ypscTKiKJFFn1ag=="
  "resolved" "https://registry.npmjs.org/process-nextick-args/-/process-nextick-args-2.0.1.tgz"
  "version" "2.0.1"

"promised-sqlite3@^1.2.0":
  "integrity" "sha512-qQS4ySe2r6PsQ1WhULEPUf19XEpvcYZ0r26GHP9/gecygEQn51NrlQQzmdFZ6iGzLwaqHYxKJpJcESq4bCxdCA=="
  "resolved" "https://registry.npmjs.org/promised-sqlite3/-/promised-sqlite3-1.2.0.tgz"
  "version" "1.2.0"
  dependencies:
    "@types/sqlite3" "^3.1.6"
    "sqlite3" "^4.1.1"

"rc@^1.2.7":
  "integrity" "sha512-y3bGgqKj3QBdxLbLkomlohkvsA8gdAiUQlSBJnBhfn+BPxg4bc62d8TcBW15wavDfgexCgccckhcZvywyQYPOw=="
  "resolved" "https://registry.npmjs.org/rc/-/rc-1.2.8.tgz"
  "version" "1.2.8"
  dependencies:
    "deep-extend" "^0.6.0"
    "ini" "~1.3.0"
    "minimist" "^1.2.0"
    "strip-json-comments" "~2.0.1"

"readable-stream@^2.0.6":
  "integrity" "sha512-Ebho8K4jIbHAxnuxi7o42OrZgF/ZTNcsZj6nRKyUmkhLFq8CHItp/fy6hQZuZmP/n3yZ9VBUbp4zz/mX8hmYPw=="
  "resolved" "https://registry.npmjs.org/readable-stream/-/readable-stream-2.3.7.tgz"
  "version" "2.3.7"
  dependencies:
    "core-util-is" "~1.0.0"
    "inherits" "~2.0.3"
    "isarray" "~1.0.0"
    "process-nextick-args" "~2.0.0"
    "safe-buffer" "~5.1.1"
    "string_decoder" "~1.1.1"
    "util-deprecate" "~1.0.1"

"renderkid@^3.0.0":
  "integrity" "sha512-q/7VIQA8lmM1hF+jn+sFSPWGlMkSAeNYcPLmDQx2zzuiDfaLrOmumR8iaUKlenFgh0XRPIUeSPlH3A+AW3Z5pg=="
  "resolved" "https://registry.npmjs.org/renderkid/-/renderkid-3.0.0.tgz"
  "version" "3.0.0"
  dependencies:
    "css-select" "^4.1.3"
    "dom-converter" "^0.2.0"
    "htmlparser2" "^6.1.0"
    "lodash" "^4.17.21"
    "strip-ansi" "^6.0.1"

"rimraf@^2.6.1":
  "integrity" "sha512-uWjbaKIK3T1OSVptzX7Nl6PvQ3qAGtKEtVRjRuazjfL3Bx5eI409VZSqgND+4UNnmzLVdPj9FqFJNPqBZFve4w=="
  "resolved" "https://registry.npmjs.org/rimraf/-/rimraf-2.7.1.tgz"
  "version" "2.7.1"
  dependencies:
    "glob" "^7.1.3"

"safe-buffer@^5.1.2", "safe-buffer@~5.1.0", "safe-buffer@~5.1.1":
  "integrity" "sha512-Gd2UZBJDkXlY7GbJxfsE8/nvKkUEU1G38c1siN6QP6a9PT9MmHB8GnpscSmMJSoF8LOIrt8ud/wPtojys4G6+g=="
  "resolved" "https://registry.npmjs.org/safe-buffer/-/safe-buffer-5.1.2.tgz"
  "version" "5.1.2"

"safe-buffer@^5.2.1":
  "integrity" "sha512-rp3So07KcdmmKbGvgaNxQSJr7bGVSVk5S9Eq1F+ppbRo70+YeaDxkw5Dd8NPN+GD6bjnYm2VuPuCXmpuYvmCXQ=="
  "resolved" "https://registry.npmjs.org/safe-buffer/-/safe-buffer-5.2.1.tgz"
  "version" "5.2.1"

"safer-buffer@>= 2.1.2 < 3":
  "integrity" "sha512-YZo3K82SD7Riyi0E1EQPojLz7kpepnSQI9IyPbHHg1XXXevb5dJI7tpyN2ADxGcQbHG7vcyRHk0cbwqcQriUtg=="
  "resolved" "https://registry.npmjs.org/safer-buffer/-/safer-buffer-2.1.2.tgz"
  "version" "2.1.2"

"sax@^1.2.4":
  "integrity" "sha512-NqVDv9TpANUjFm0N8uM5GxL36UgKi9/atZw+x7YFnQ8ckwFGKrl4xX4yWtrey3UJm5nP1kUbnYgLopqWNSRhWw=="
  "resolved" "https://registry.npmjs.org/sax/-/sax-1.2.4.tgz"
  "version" "1.2.4"

"semver@^5.3.0":
  "integrity" "sha512-sauaDf/PZdVgrLTNYHRtpXa1iRiKcaebiKQ1BJdpQlWH2lCvexQdX55snPFyK7QzpudqbCI0qXFfOasHdyNDGQ=="
  "resolved" "https://registry.npmjs.org/semver/-/semver-5.7.1.tgz"
  "version" "5.7.1"

"set-blocking@~2.0.0":
  "integrity" "sha1-BF+XgtARrppoA93TgrJDkrPYkPc="
  "resolved" "https://registry.npmjs.org/set-blocking/-/set-blocking-2.0.0.tgz"
  "version" "2.0.0"

"signal-exit@^3.0.0":
  "integrity" "sha512-wnD2ZE+l+SPC/uoS0vXeE9L1+0wuaMqKlfz9AMUo38JsyLSBWSFcHR1Rri62LZc12vLr1gb3jl7iwQhgwpAbGQ=="
  "resolved" "https://registry.npmjs.org/signal-exit/-/signal-exit-3.0.7.tgz"
  "version" "3.0.7"

"source-map-support@^0.5.21":
  "integrity" "sha512-uBHU3L3czsIyYXKX88fdrGovxdSCoTGDRZ6SYXtSRxLZUzHg5P/66Ht6uoUlHu9EZod+inXhKo3qQgwXUT/y1w=="
  "resolved" "https://registry.npmjs.org/source-map-support/-/source-map-support-0.5.21.tgz"
  "version" "0.5.21"
  dependencies:
    "buffer-from" "^1.0.0"
    "source-map" "^0.6.0"

"source-map@^0.6.0":
  "integrity" "sha512-UjgapumWlbMhkBgzT7Ykc5YXUT46F0iKu8SGXq0bcwP5dz/h0Plj6enJqjz1Zbq2l5WaqYnrVbwWOWMyF3F47g=="
  "resolved" "https://registry.npmjs.org/source-map/-/source-map-0.6.1.tgz"
  "version" "0.6.1"

"sqlite3@^4.1.1":
  "integrity" "sha512-roEOz41hxui2Q7uYnWsjMOTry6TcNUNmp8audCx18gF10P2NknwdpF+E+HKvz/F2NvPKGGBF4NGc+ZPQ+AABwg=="
  "resolved" "https://registry.npmjs.org/sqlite3/-/sqlite3-4.2.0.tgz"
  "version" "4.2.0"
  dependencies:
    "nan" "^2.12.1"
    "node-pre-gyp" "^0.11.0"

"string_decoder@~1.1.1":
  "integrity" "sha512-n/ShnvDi6FHbbVfviro+WojiFzv+s8MPMHBczVePfUpDJLwoLT0ht1l4YwBCbi8pJAveEEdnkHyPyTP/mzRfwg=="
  "resolved" "https://registry.npmjs.org/string_decoder/-/string_decoder-1.1.1.tgz"
  "version" "1.1.1"
  dependencies:
    "safe-buffer" "~5.1.0"

"string-width@^1.0.1", "string-width@^1.0.2 || 2 || 3 || 4":
  "integrity" "sha1-EYvfW4zcUaKn5w0hHgfisLmxB9M="
  "resolved" "https://registry.npmjs.org/string-width/-/string-width-1.0.2.tgz"
  "version" "1.0.2"
  dependencies:
    "code-point-at" "^1.0.0"
    "is-fullwidth-code-point" "^1.0.0"
    "strip-ansi" "^3.0.0"

"strip-ansi@^3.0.0":
  "integrity" "sha1-ajhfuIU9lS1f8F0Oiq+UJ43GPc8="
  "resolved" "https://registry.npmjs.org/strip-ansi/-/strip-ansi-3.0.1.tgz"
  "version" "3.0.1"
  dependencies:
    "ansi-regex" "^2.0.0"

"strip-ansi@^3.0.1":
  "integrity" "sha1-ajhfuIU9lS1f8F0Oiq+UJ43GPc8="
  "resolved" "https://registry.npmjs.org/strip-ansi/-/strip-ansi-3.0.1.tgz"
  "version" "3.0.1"
  dependencies:
    "ansi-regex" "^2.0.0"

"strip-ansi@^6.0.1":
  "integrity" "sha512-Y38VPSHcqkFrCpFnQ9vuSXmquuv5oXOKpGeT6aGrr3o3Gc9AlVa6JBfUSOCnbxGGZF+/0ooI7KrPuUSztUdU5A=="
  "resolved" "https://registry.npmjs.org/strip-ansi/-/strip-ansi-6.0.1.tgz"
  "version" "6.0.1"
  dependencies:
    "ansi-regex" "^5.0.1"

"strip-json-comments@~2.0.1":
  "integrity" "sha1-PFMZQukIwml8DsNEhYwobHygpgo="
  "resolved" "https://registry.npmjs.org/strip-json-comments/-/strip-json-comments-2.0.1.tgz"
  "version" "2.0.1"

"tar@^4":
  "integrity" "sha512-a20gEsvHnWe0ygBY8JbxoM4w3SJdhc7ZAuxkLqh+nvNQN2IOt0B5lLgM490X5Hl8FF0dl0tOf2ewFYAlIFgzVA=="
  "resolved" "https://registry.npmjs.org/tar/-/tar-4.4.19.tgz"
  "version" "4.4.19"
  dependencies:
    "chownr" "^1.1.4"
    "fs-minipass" "^1.2.7"
    "minipass" "^2.9.0"
    "minizlib" "^1.3.3"
    "mkdirp" "^0.5.5"
    "safe-buffer" "^5.2.1"
    "yallist" "^3.1.1"

"util-deprecate@~1.0.1":
  "integrity" "sha1-RQ1Nyfpw3nMnYvvS1KKJgUGaDM8="
  "resolved" "https://registry.npmjs.org/util-deprecate/-/util-deprecate-1.0.2.tgz"
  "version" "1.0.2"

"utila@~0.4":
  "integrity" "sha1-ihagXURWV6Oupe7MWxKk+lN5dyw="
  "resolved" "https://registry.npmjs.org/utila/-/utila-0.4.0.tgz"
  "version" "0.4.0"

"wide-align@^1.1.0":
  "integrity" "sha512-eDMORYaPNZ4sQIuuYPDHdQvf4gyCF9rEEV/yPxGfwPkRodwEgiMUUXTx/dex+Me0wxx53S+NgUHaP7y3MGlDmg=="
  "resolved" "https://registry.npmjs.org/wide-align/-/wide-align-1.1.5.tgz"
  "version" "1.1.5"
  dependencies:
    "string-width" "^1.0.2 || 2 || 3 || 4"

"wrappy@1":
  "integrity" "sha1-tSQ9jz7BqjXxNkYFvA0QNuMKtp8="
  "resolved" "https://registry.npmjs.org/wrappy/-/wrappy-1.0.2.tgz"
  "version" "1.0.2"

"yallist@^3.0.0", "yallist@^3.1.1":
  "integrity" "sha512-a4UGQaWPH59mOXUYnAG2ewncQS4i4F43Tv3JoAM+s2VDAmS9NsK8GpDMLrCHPksFT7h3K6TOoUNn2pb7RoXx4g=="
  "resolved" "https://registry.npmjs.org/yallist/-/yallist-3.1.1.tgz"
  "version" "3.1.1"
